// !$*UTF8*$!
{
	archiveVersion = 1;
	classes = {
	};
	objectVersion = 50;
	objects = {

/* Begin PBXBuildFile section */
		52728A0323E47E240000D1FD /* AppDelegate.swift in Sources */ = {isa = PBXBuildFile; fileRef = 52728A0223E47E240000D1FD /* AppDelegate.swift */; };
		52728A0523E47E240000D1FD /* SceneDelegate.swift in Sources */ = {isa = PBXBuildFile; fileRef = 52728A0423E47E240000D1FD /* SceneDelegate.swift */; };
		52728A0C23E47E260000D1FD /* Assets.xcassets in Resources */ = {isa = PBXBuildFile; fileRef = 52728A0B23E47E260000D1FD /* Assets.xcassets */; };
		52728A0F23E47E260000D1FD /* LaunchScreen.storyboard in Resources */ = {isa = PBXBuildFile; fileRef = 52728A0D23E47E260000D1FD /* LaunchScreen.storyboard */; };
		52728A1723E47FA30000D1FD /* AnimationsTabController.swift in Sources */ = {isa = PBXBuildFile; fileRef = 52728A1623E47FA30000D1FD /* AnimationsTabController.swift */; };
		52728A1923E480710000D1FD /* SampleAnimationVC.swift in Sources */ = {isa = PBXBuildFile; fileRef = 52728A1823E480710000D1FD /* SampleAnimationVC.swift */; };
		52728A1B23E480910000D1FD /* ConstraintAnimationVC.swift in Sources */ = {isa = PBXBuildFile; fileRef = 52728A1A23E480910000D1FD /* ConstraintAnimationVC.swift */; };
/* End PBXBuildFile section */

/* Begin PBXFileReference section */
		527289FF23E47E240000D1FD /* Animations Demo (UI-Kit).app */ = {isa = PBXFileReference; explicitFileType = wrapper.application; includeInIndex = 0; path = "Animations Demo (UI-Kit).app"; sourceTree = BUILT_PRODUCTS_DIR; };
		52728A0223E47E240000D1FD /* AppDelegate.swift */ = {isa = PBXFileReference; lastKnownFileType = sourcecode.swift; path = AppDelegate.swift; sourceTree = "<group>"; };
		52728A0423E47E240000D1FD /* SceneDelegate.swift */ = {isa = PBXFileReference; lastKnownFileType = sourcecode.swift; path = SceneDelegate.swift; sourceTree = "<group>"; };
		52728A0B23E47E260000D1FD /* Assets.xcassets */ = {isa = PBXFileReference; lastKnownFileType = folder.assetcatalog; path = Assets.xcassets; sourceTree = "<group>"; };
		52728A0E23E47E260000D1FD /* Base */ = {isa = PBXFileReference; lastKnownFileType = file.storyboard; name = Base; path = Base.lproj/LaunchScreen.storyboard; sourceTree = "<group>"; };
		52728A1023E47E260000D1FD /* Info.plist */ = {isa = PBXFileReference; lastKnownFileType = text.plist.xml; path = Info.plist; sourceTree = "<group>"; };
		52728A1623E47FA30000D1FD /* AnimationsTabController.swift */ = {isa = PBXFileReference; lastKnownFileType = sourcecode.swift; path = AnimationsTabController.swift; sourceTree = "<group>"; };
		52728A1823E480710000D1FD /* SampleAnimationVC.swift */ = {isa = PBXFileReference; lastKnownFileType = sourcecode.swift; path = SampleAnimationVC.swift; sourceTree = "<group>"; };
		52728A1A23E480910000D1FD /* ConstraintAnimationVC.swift */ = {isa = PBXFileReference; lastKnownFileType = sourcecode.swift; path = ConstraintAnimationVC.swift; sourceTree = "<group>"; };
/* End PBXFileReference section */

/* Begin PBXFrameworksBuildPhase section */
		527289FC23E47E240000D1FD /* Frameworks */ = {
			isa = PBXFrameworksBuildPhase;
			buildActionMask = 2147483647;
			files = (
			);
			runOnlyForDeploymentPostprocessing = 0;
		};
/* End PBXFrameworksBuildPhase section */

/* Begin PBXGroup section */
		527289F623E47E240000D1FD = {
			isa = PBXGroup;
			children = (
				52728A0123E47E240000D1FD /* Animations Demo (UI-Kit) */,
				52728A0023E47E240000D1FD /* Products */,
			);
			sourceTree = "<group>";
		};
		52728A0023E47E240000D1FD /* Products */ = {
			isa = PBXGroup;
			children = (
				527289FF23E47E240000D1FD /* Animations Demo (UI-Kit).app */,
			);
			name = Products;
			sourceTree = "<group>";
		};
		52728A0123E47E240000D1FD /* Animations Demo (UI-Kit) */ = {
			isa = PBXGroup;
			children = (
				52728A0223E47E240000D1FD /* AppDelegate.swift */,
				52728A0423E47E240000D1FD /* SceneDelegate.swift */,
				52728A1623E47FA30000D1FD /* AnimationsTabController.swift */,
				52728A1823E480710000D1FD /* SampleAnimationVC.swift */,
				52728A1A23E480910000D1FD /* ConstraintAnimationVC.swift */,
				52728A0B23E47E260000D1FD /* Assets.xcassets */,
				52728A0D23E47E260000D1FD /* LaunchScreen.storyboard */,
				52728A1023E47E260000D1FD /* Info.plist */,
			);
			path = "Animations Demo (UI-Kit)";
			sourceTree = "<group>";
		};
/* End PBXGroup section */

/* Begin PBXNativeTarget section */
		527289FE23E47E240000D1FD /* Animations Demo (UI-Kit) */ = {
			isa = PBXNativeTarget;
			buildConfigurationList = 52728A1323E47E260000D1FD /* Build configuration list for PBXNativeTarget "Animations Demo (UI-Kit)" */;
			buildPhases = (
				527289FB23E47E240000D1FD /* Sources */,
				527289FC23E47E240000D1FD /* Frameworks */,
				527289FD23E47E240000D1FD /* Resources */,
			);
			buildRules = (
			);
			dependencies = (
			);
			name = "Animations Demo (UI-Kit)";
			productName = "Animations Demo (UI-Kit)";
			productReference = 527289FF23E47E240000D1FD /* Animations Demo (UI-Kit).app */;
			productType = "com.apple.product-type.application";
		};
/* End PBXNativeTarget section */

/* Begin PBXProject section */
		527289F723E47E240000D1FD /* Project object */ = {
			isa = PBXProject;
			attributes = {
				LastSwiftUpdateCheck = 1130;
				LastUpgradeCheck = 1130;
				ORGANIZATIONNAME = "Tsering Lama";
				TargetAttributes = {
					527289FE23E47E240000D1FD = {
						CreatedOnToolsVersion = 11.3.1;
					};
				};
			};
			buildConfigurationList = 527289FA23E47E240000D1FD /* Build configuration list for PBXProject "Animations Demo (UI-Kit)" */;
			compatibilityVersion = "Xcode 9.3";
			developmentRegion = en;
			hasScannedForEncodings = 0;
			knownRegions = (
				en,
				Base,
			);
			mainGroup = 527289F623E47E240000D1FD;
			productRefGroup = 52728A0023E47E240000D1FD /* Products */;
			projectDirPath = "";
			projectRoot = "";
			targets = (
				527289FE23E47E240000D1FD /* Animations Demo (UI-Kit) */,
			);
		};
/* End PBXProject section */

/* Begin PBXResourcesBuildPhase section */
		527289FD23E47E240000D1FD /* Resources */ = {
			isa = PBXResourcesBuildPhase;
			buildActionMask = 2147483647;
			files = (
				52728A0F23E47E260000D1FD /* LaunchScreen.storyboard in Resources */,
				52728A0C23E47E260000D1FD /* Assets.xcassets in Resources */,
			);
			runOnlyForDeploymentPostprocessing = 0;
		};
/* End PBXResourcesBuildPhase section */

/* Begin PBXSourcesBuildPhase section */
		527289FB23E47E240000D1FD /* Sources */ = {
			isa = PBXSourcesBuildPhase;
			buildActionMask = 2147483647;
			files = (
				52728A0323E47E240000D1FD /* AppDelegate.swift in Sources */,
				52728A1B23E480910000D1FD /* ConstraintAnimationVC.swift in Sources */,
				52728A1923E480710000D1FD /* SampleAnimationVC.swift in Sources */,
				52728A1723E47FA30000D1FD /* AnimationsTabController.swift in Sources */,
				52728A0523E47E240000D1FD /* SceneDelegate.swift in Sources */,
			);
			runOnlyForDeploymentPostprocessing = 0;
		};
/* End PBXSourcesBuildPhase section */

/* Begin PBXVariantGroup section */
		52728A0D23E47E260000D1FD /* LaunchScreen.storyboard */ = {
			isa = PBXVariantGroup;
			children = (
				52728A0E23E47E260000D1FD /* Base */,
			);
			name = LaunchScreen.storyboard;
			sourceTree = "<group>";
		};
/* End PBXVariantGroup section */

/* Begin XCBuildConfiguration section */
		52728A1123E47E260000D1FD /* Debug */ = {
			isa = XCBuildConfiguration;
			buildSettings = {
				ALWAYS_SEARCH_USER_PATHS = NO;
				CLANG_ANALYZER_NONNULL = YES;
				CLANG_ANALYZER_NUMBER_OBJECT_CONVERSION = YES_AGGRESSIVE;
				CLANG_CXX_LANGUAGE_STANDARD = "gnu++14";
				CLANG_CXX_LIBRARY = "libc++";
				CLANG_ENABLE_MODULES = YES;
				CLANG_ENABLE_OBJC_ARC = YES;
				CLANG_ENABLE_OBJC_WEAK = YES;
				CLANG_WARN_BLOCK_CAPTURE_AUTORELEASING = YES;
				CLANG_WARN_BOOL_CONVERSION = YES;
				CLANG_WARN_COMMA = YES;
				CLANG_WARN_CONSTANT_CONVERSION = YES;
				CLANG_WARN_DEPRECATED_OBJC_IMPLEMENTATIONS = YES;
				CLANG_WARN_DIRECT_OBJC_ISA_USAGE = YES_ERROR;
				CLANG_WARN_DOCUMENTATION_COMMENTS = YES;
				CLANG_WARN_EMPTY_BODY = YES;
				CLANG_WARN_ENUM_CONVERSION = YES;
				CLANG_WARN_INFINITE_RECURSION = YES;
				CLANG_WARN_INT_CONVERSION = YES;
				CLANG_WARN_NON_LITERAL_NULL_CONVERSION = YES;
				CLANG_WARN_OBJC_IMPLICIT_RETAIN_SELF = YES;
				CLANG_WARN_OBJC_LITERAL_CONVERSION = YES;
				CLANG_WARN_OBJC_ROOT_CLASS = YES_ERROR;
				CLANG_WARN_RANGE_LOOP_ANALYSIS = YES;
				CLANG_WARN_STRICT_PROTOTYPES = YES;
				CLANG_WARN_SUSPICIOUS_MOVE = YES;
				CLANG_WARN_UNGUARDED_AVAILABILITY = YES_AGGRESSIVE;
				CLANG_WARN_UNREACHABLE_CODE = YES;
				CLANG_WARN__DUPLICATE_METHOD_MATCH = YES;
				COPY_PHASE_STRIP = NO;
				DEBUG_INFORMATION_FORMAT = dwarf;
				ENABLE_STRICT_OBJC_MSGSEND = YES;
				ENABLE_TESTABILITY = YES;
				GCC_C_LANGUAGE_STANDARD = gnu11;
				GCC_DYNAMIC_NO_PIC = NO;
				GCC_NO_COMMON_BLOCKS = YES;
				GCC_OPTIMIZATION_LEVEL = 0;
				GCC_PREPROCESSOR_DEFINITIONS = (
					"DEBUG=1",
					"$(inherited)",
				);
				GCC_WARN_64_TO_32_BIT_CONVERSION = YES;
				GCC_WARN_ABOUT_RETURN_TYPE = YES_ERROR;
				GCC_WARN_UNDECLARED_SELECTOR = YES;
				GCC_WARN_UNINITIALIZED_AUTOS = YES_AGGRESSIVE;
				GCC_WARN_UNUSED_FUNCTION = YES;
				GCC_WARN_UNUSED_VARIABLE = YES;
				IPHONEOS_DEPLOYMENT_TARGET = 13.2;
				MTL_ENABLE_DEBUG_INFO = INCLUDE_SOURCE;
				MTL_FAST_MATH = YES;
				ONLY_ACTIVE_ARCH = YES;
				SDKROOT = iphoneos;
				SWIFT_ACTIVE_COMPILATION_CONDITIONS = DEBUG;
				SWIFT_OPTIMIZATION_LEVEL = "-Onone";
			};
			name = Debug;
		};
		52728A1223E47E260000D1FD /* Release */ = {
			isa = XCBuildConfiguration;
			buildSettings = {
				ALWAYS_SEARCH_USER_PATHS = NO;
				CLANG_ANALYZER_NONNULL = YES;
				CLANG_ANALYZER_NUMBER_OBJECT_CONVERSION = YES_AGGRESSIVE;
				CLANG_CXX_LANGUAGE_STANDARD = "gnu++14";
				CLANG_CXX_LIBRARY = "libc++";
				CLANG_ENABLE_MODULES = YES;
				CLANG_ENABLE_OBJC_ARC = YES;
				CLANG_ENABLE_OBJC_WEAK = YES;
				CLANG_WARN_BLOCK_CAPTURE_AUTORELEASING = YES;
				CLANG_WARN_BOOL_CONVERSION = YES;
				CLANG_WARN_COMMA = YES;
				CLANG_WARN_CONSTANT_CONVERSION = YES;
				CLANG_WARN_DEPRECATED_OBJC_IMPLEMENTATIONS = YES;
				CLANG_WARN_DIRECT_OBJC_ISA_USAGE = YES_ERROR;
				CLANG_WARN_DOCUMENTATION_COMMENTS = YES;
				CLANG_WARN_EMPTY_BODY = YES;
				CLANG_WARN_ENUM_CONVERSION = YES;
				CLANG_WARN_INFINITE_RECURSION = YES;
				CLANG_WARN_INT_CONVERSION = YES;
				CLANG_WARN_NON_LITERAL_NULL_CONVERSION = YES;
				CLANG_WARN_OBJC_IMPLICIT_RETAIN_SELF = YES;
				CLANG_WARN_OBJC_LITERAL_CONVERSION = YES;
				CLANG_WARN_OBJC_ROOT_CLASS = YES_ERROR;
				CLANG_WARN_RANGE_LOOP_ANALYSIS = YES;
				CLANG_WARN_STRICT_PROTOTYPES = YES;
				CLANG_WARN_SUSPICIOUS_MOVE = YES;
				CLANG_WARN_UNGUARDED_AVAILABILITY = YES_AGGRESSIVE;
				CLANG_WARN_UNREACHABLE_CODE = YES;
				CLANG_WARN__DUPLICATE_METHOD_MATCH = YES;
				COPY_PHASE_STRIP = NO;
				DEBUG_INFORMATION_FORMAT = "dwarf-with-dsym";
				ENABLE_NS_ASSERTIONS = NO;
				ENABLE_STRICT_OBJC_MSGSEND = YES;
				GCC_C_LANGUAGE_STANDARD = gnu11;
				GCC_NO_COMMON_BLOCKS = YES;
				GCC_WARN_64_TO_32_BIT_CONVERSION = YES;
				GCC_WARN_ABOUT_RETURN_TYPE = YES_ERROR;
				GCC_WARN_UNDECLARED_SELECTOR = YES;
				GCC_WARN_UNINITIALIZED_AUTOS = YES_AGGRESSIVE;
				GCC_WARN_UNUSED_FUNCTION = YES;
				GCC_WARN_UNUSED_VARIABLE = YES;
				IPHONEOS_DEPLOYMENT_TARGET = 13.2;
				MTL_ENABLE_DEBUG_INFO = NO;
				MTL_FAST_MATH = YES;
				SDKROOT = iphoneos;
				SWIFT_COMPILATION_MODE = wholemodule;
				SWIFT_OPTIMIZATION_LEVEL = "-O";
				VALIDATE_PRODUCT = YES;
			};
			name = Release;
		};
		52728A1423E47E260000D1FD /* Debug */ = {
			isa = XCBuildConfiguration;
			buildSettings = {
				ASSETCATALOG_COMPILER_APPICON_NAME = AppIcon;
				CODE_SIGN_STYLE = Automatic;
				DEVELOPMENT_TEAM = 83DYP84L8W;
				INFOPLIST_FILE = "Animations Demo (UI-Kit)/Info.plist";
				LD_RUNPATH_SEARCH_PATHS = (
					"$(inherited)",
					"@executable_path/Frameworks",
				);
				PRODUCT_BUNDLE_IDENTIFIER = "org.pursuit.Animations-Demo--UI-Kit-";
				PRODUCT_NAME = "$(TARGET_NAME)";
				SWIFT_VERSION = 5.0;
				TARGETED_DEVICE_FAMILY = "1,2";
			};
			name = Debug;
		};
		52728A1523E47E260000D1FD /* Release */ = {
			isa = XCBuildConfiguration;
			buildSettings = {
				ASSETCATALOG_COMPILER_APPICON_NAME = AppIcon;
				CODE_SIGN_STYLE = Automatic;
				DEVELOPMENT_TEAM = 83DYP84L8W;
				INFOPLIST_FILE = "Animations Demo (UI-Kit)/Info.plist";
				LD_RUNPATH_SEARCH_PATHS = (
					"$(inherited)",
					"@executable_path/Frameworks",
				);
				PRODUCT_BUNDLE_IDENTIFIER = "org.pursuit.Animations-Demo--UI-Kit-";
				PRODUCT_NAME = "$(TARGET_NAME)";
				SWIFT_VERSION = 5.0;
				TARGETED_DEVICE_FAMILY = "1,2";
			};
			name = Release;
		};
/* End XCBuildConfiguration section */

/* Begin XCConfigurationList section */
		527289FA23E47E240000D1FD /* Build configuration list for PBXProject "Animations Demo (UI-Kit)" */ = {
			isa = XCConfigurationList;
			buildConfigurations = (
				52728A1123E47E260000D1FD /* Debug */,
				52728A1223E47E260000D1FD /* Release */,
			);
			defaultConfigurationIsVisible = 0;
			defaultConfigurationName = Release;
		};
		52728A1323E47E260000D1FD /* Build configuration list for PBXNativeTarget "Animations Demo (UI-Kit)" */ = {
			isa = XCConfigurationList;
			buildConfigurations = (
				52728A1423E47E260000D1FD /* Debug */,
				52728A1523E47E260000D1FD /* Release */,
			);
			defaultConfigurationIsVisible = 0;
			defaultConfigurationName = Release;
		};
/* End XCConfigurationList section */
	};
	rootObject = 527289F723E47E240000D1FD /* Project object */;
}
